
Microsoft Visual Studio Solution File, Format Version 12.00
# Visual Studio Version 17
VisualStudioVersion = 17.4.33213.308
MinimumVisualStudioVersion = 10.0.40219.1
Project("{FAE04EC0-301F-11D3-BF4B-00C04F79EFBC}") = "KeyTracingAPI", "KeyTracingAPI\KeyTracingAPI.csproj", "{561D091D-B428-4803-9422-08D0A9D41DD1}"
EndProject
Global
	GlobalSection(SolutionConfigurationPlatforms) = preSolution
		Debug|Any CPU = Debug|Any CPU
		Release|Any CPU = Release|Any CPU
	EndGlobalSection
	GlobalSection(ProjectConfigurationPlatforms) = postSolution
		{561D091D-B428-4803-9422-08D0A9D41DD1}.Debug|Any CPU.ActiveCfg = Debug|Any CPU
		{561D091D-B428-4803-9422-08D0A9D41DD1}.Debug|Any CPU.Build.0 = Debug|Any CPU
		{561D091D-B428-4803-9422-08D0A9D41DD1}.Release|Any CPU.ActiveCfg = Release|Any CPU
		{561D091D-B428-4803-9422-08D0A9D41DD1}.Release|Any CPU.Build.0 = Release|Any CPU
	EndGlobalSection
	GlobalSection(SolutionProperties) = preSolution
		HideSolutionNode = FALSE
	EndGlobalSection
	GlobalSection(ExtensibilityGlobals) = postSolution
		SolutionGuid = {B0357FBA-6C6F-473A-9FEE-1E557D16BCE6}
	EndGlobalSection
EndGlobal
